// !$*UTF8*$!
{
	archiveVersion = 1;
	classes = {
	};
	objectVersion = 50;
	objects = {

/* Begin PBXFileReference section */
		6601A5662667F6C5002F2A7E /* Makefile */ = {isa = PBXFileReference; lastKnownFileType = sourcecode.make; path = Makefile; sourceTree = "<group>"; xcLanguageSpecificationIdentifier = xcode.lang.make; };
		661A136526ACB1B600632478 /* Dockerfile */ = {isa = PBXFileReference; fileEncoding = 4; lastKnownFileType = text; path = Dockerfile; sourceTree = "<group>"; xcLanguageSpecificationIdentifier = xcode.lang.make; };
		661A136726ACB1D200632478 /* .dockerignore */ = {isa = PBXFileReference; fileEncoding = 4; lastKnownFileType = text; path = .dockerignore; sourceTree = "<group>"; xcLanguageSpecificationIdentifier = xcode.lang.make; };
		661A137A26B103B100632478 /* default */ = {isa = PBXFileReference; fileEncoding = 4; lastKnownFileType = text; path = default; sourceTree = "<group>"; xcLanguageSpecificationIdentifier = xcode.lang.make; };
		664DC7D926A5C91C001D9899 /* .gitignore */ = {isa = PBXFileReference; lastKnownFileType = text; path = .gitignore; sourceTree = "<group>"; xcLanguageSpecificationIdentifier = xcode.lang.make; };
		664DC7DA26A6F7C1001D9899 /* info.php */ = {isa = PBXFileReference; fileEncoding = 4; lastKnownFileType = text.script.php; path = info.php; sourceTree = "<group>"; };
		664DC7DB26A6F7C1001D9899 /* wp-config.php */ = {isa = PBXFileReference; fileEncoding = 4; lastKnownFileType = text.script.php; path = "wp-config.php"; sourceTree = "<group>"; };
		664DC7DC26A725B9001D9899 /* mclam.42.fr.key */ = {isa = PBXFileReference; fileEncoding = 4; lastKnownFileType = text; path = mclam.42.fr.key; sourceTree = "<group>"; };
		664DC7DD26A725BA001D9899 /* mclam.42.fr.crt */ = {isa = PBXFileReference; fileEncoding = 4; lastKnownFileType = text; path = mclam.42.fr.crt; sourceTree = "<group>"; };
		664DC7E326A76E09001D9899 /* default_orig */ = {isa = PBXFileReference; fileEncoding = 4; lastKnownFileType = text; path = default_orig; sourceTree = "<group>"; };
		664DC7E426A76E09001D9899 /* nginx.conf_orig */ = {isa = PBXFileReference; fileEncoding = 4; lastKnownFileType = text; path = nginx.conf_orig; sourceTree = "<group>"; };
		664DC7E526A78E22001D9899 /* www.conf_orig */ = {isa = PBXFileReference; fileEncoding = 4; lastKnownFileType = text; path = www.conf_orig; sourceTree = "<group>"; };
		664DC80626A9FD1D001D9899 /* info.php */ = {isa = PBXFileReference; fileEncoding = 4; lastKnownFileType = text.script.php; path = info.php; sourceTree = "<group>"; };
		66A74DFC26B14A780037B898 /* Dockerfile */ = {isa = PBXFileReference; fileEncoding = 4; lastKnownFileType = text; path = Dockerfile; sourceTree = "<group>"; xcLanguageSpecificationIdentifier = xcode.lang.make; };
		66A74DFD26B14A780037B898 /* .dockerignore */ = {isa = PBXFileReference; fileEncoding = 4; lastKnownFileType = text; path = .dockerignore; sourceTree = "<group>"; };
		66A74E0026B14A780037B898 /* named.conf.default-zones */ = {isa = PBXFileReference; fileEncoding = 4; lastKnownFileType = text; path = "named.conf.default-zones"; sourceTree = "<group>"; xcLanguageSpecificationIdentifier = xcode.lang.make; };
		66A74E0126B14A780037B898 /* db.mclam.42.fr */ = {isa = PBXFileReference; fileEncoding = 4; lastKnownFileType = text; path = db.mclam.42.fr; sourceTree = "<group>"; xcLanguageSpecificationIdentifier = xcode.lang.make; };
		66A74E0226B1D6990037B898 /* wp-content.zip */ = {isa = PBXFileReference; lastKnownFileType = archive.zip; path = "wp-content.zip"; sourceTree = "<group>"; };
		66A74E0426B1DD9A0037B898 /* wordpress.sql */ = {isa = PBXFileReference; fileEncoding = 4; lastKnownFileType = text; path = wordpress.sql; sourceTree = "<group>"; };
		66A74E1226B213460037B898 /* index.html */ = {isa = PBXFileReference; fileEncoding = 4; lastKnownFileType = text.html; path = index.html; sourceTree = "<group>"; };
		66A74E1326B21A550037B898 /* image.png */ = {isa = PBXFileReference; lastKnownFileType = image.png; path = image.png; sourceTree = "<group>"; };
		66A74E1426B21B270037B898 /* checklist.pdf */ = {isa = PBXFileReference; lastKnownFileType = image.pdf; path = checklist.pdf; sourceTree = "<group>"; };
		66A74E1526B21B270037B898 /* en.subject.pdf */ = {isa = PBXFileReference; lastKnownFileType = image.pdf; path = en.subject.pdf; sourceTree = "<group>"; };
		66A74E1726B245C40037B898 /* image.jpg */ = {isa = PBXFileReference; lastKnownFileType = image.jpeg; path = image.jpg; sourceTree = "<group>"; };
		66DF66C82678A938008AE2BC /* docker-compose.yml */ = {isa = PBXFileReference; lastKnownFileType = text.yaml; path = "docker-compose.yml"; sourceTree = "<group>"; };
		66DF66CA2678A9A4008AE2BC /* .env */ = {isa = PBXFileReference; lastKnownFileType = text; path = .env; sourceTree = "<group>"; xcLanguageSpecificationIdentifier = xcode.lang.make; };
		66DF66D22678AAA9008AE2BC /* Dockerfile */ = {isa = PBXFileReference; lastKnownFileType = text; path = Dockerfile; sourceTree = "<group>"; xcLanguageSpecificationIdentifier = xcode.lang.make; };
		66DF66D32678AAC7008AE2BC /* .dockerignore */ = {isa = PBXFileReference; lastKnownFileType = text; path = .dockerignore; sourceTree = "<group>"; xcLanguageSpecificationIdentifier = xcode.lang.make; };
		66DF66D72678AD60008AE2BC /* Dockerfile */ = {isa = PBXFileReference; fileEncoding = 4; lastKnownFileType = text; path = Dockerfile; sourceTree = "<group>"; xcLanguageSpecificationIdentifier = xcode.lang.make; };
		66DF66DA2678AD87008AE2BC /* Dockerfile */ = {isa = PBXFileReference; fileEncoding = 4; lastKnownFileType = text; path = Dockerfile; sourceTree = "<group>"; xcLanguageSpecificationIdentifier = xcode.lang.make; };
		66DF66DF2678DD12008AE2BC /* Dockerfile */ = {isa = PBXFileReference; fileEncoding = 4; lastKnownFileType = text; path = Dockerfile; sourceTree = "<group>"; xcLanguageSpecificationIdentifier = xcode.lang.make; };
		66DF66E12678DF96008AE2BC /* .dockerignore */ = {isa = PBXFileReference; lastKnownFileType = text; path = .dockerignore; sourceTree = "<group>"; };
		66DF66E22678DFB3008AE2BC /* .dockerignore */ = {isa = PBXFileReference; lastKnownFileType = text; path = .dockerignore; sourceTree = "<group>"; xcLanguageSpecificationIdentifier = xcode.lang.make; };
		66DF66E32678DFD4008AE2BC /* .dockerignore */ = {isa = PBXFileReference; lastKnownFileType = text; path = .dockerignore; sourceTree = "<group>"; };
		66E590FF26AB309E0080E05E /* .dockerignore */ = {isa = PBXFileReference; fileEncoding = 4; lastKnownFileType = text; path = .dockerignore; sourceTree = "<group>"; xcLanguageSpecificationIdentifier = xcode.lang.make; };
		66E5910026AB30B60080E05E /* Dockerfile */ = {isa = PBXFileReference; lastKnownFileType = text; path = Dockerfile; sourceTree = "<group>"; xcLanguageSpecificationIdentifier = xcode.lang.make; };
		66E5910126AB32B60080E05E /* redis.conf */ = {isa = PBXFileReference; lastKnownFileType = text; path = redis.conf; sourceTree = "<group>"; xcLanguageSpecificationIdentifier = xcode.lang.make; };
		66E5910226AB45770080E05E /* redis.conf_orig */ = {isa = PBXFileReference; fileEncoding = 4; lastKnownFileType = text; path = redis.conf_orig; sourceTree = "<group>"; };
		66E5910326AB4B1B0080E05E /* redis-server.log_first_start */ = {isa = PBXFileReference; fileEncoding = 4; lastKnownFileType = text; path = "redis-server.log_first_start"; sourceTree = "<group>"; xcLanguageSpecificationIdentifier = xcode.lang.make; };
		66E5910626AB5A7E0080E05E /* object-cache.php */ = {isa = PBXFileReference; fileEncoding = 4; lastKnownFileType = text.script.php; path = "object-cache.php"; sourceTree = "<group>"; };
		66E5910726AB5A7E0080E05E /* README.md */ = {isa = PBXFileReference; fileEncoding = 4; lastKnownFileType = net.daringfireball.markdown; path = README.md; sourceTree = "<group>"; };
		66E5910826AB5A7E0080E05E /* .gitignore */ = {isa = PBXFileReference; fileEncoding = 4; lastKnownFileType = text; path = .gitignore; sourceTree = "<group>"; };
		66E5910926AB5A7E0080E05E /* readme.txt */ = {isa = PBXFileReference; fileEncoding = 4; lastKnownFileType = text; path = readme.txt; sourceTree = "<group>"; };
		66E5910D26AB82860080E05E /* php.ini_orig */ = {isa = PBXFileReference; fileEncoding = 4; lastKnownFileType = text; path = php.ini_orig; sourceTree = "<group>"; };
/* End PBXFileReference section */

/* Begin PBXGroup section */
		6601A55A2667F625002F2A7E = {
			isa = PBXGroup;
			children = (
				664DC7D926A5C91C001D9899 /* .gitignore */,
				6601A5662667F6C5002F2A7E /* Makefile */,
				6601A5652667F635002F2A7E /* srcs */,
			);
			indentWidth = 2;
			sourceTree = "<group>";
			tabWidth = 2;
			usesTabs = 0;
			wrapsLines = 1;
		};
		6601A5652667F635002F2A7E /* srcs */ = {
			isa = PBXGroup;
			children = (
				66DF66CA2678A9A4008AE2BC /* .env */,
				66DF66C82678A938008AE2BC /* docker-compose.yml */,
				66DF66CB2678A9BF008AE2BC /* requirements */,
			);
			path = srcs;
			sourceTree = "<group>";
		};
		661A136126ACB0EF00632478 /* ftp */ = {
			isa = PBXGroup;
			children = (
				661A136726ACB1D200632478 /* .dockerignore */,
				661A136426ACB1B600632478 /* conf */,
				661A136526ACB1B600632478 /* Dockerfile */,
				661A136626ACB1B600632478 /* tools */,
			);
			path = ftp;
			sourceTree = "<group>";
		};
		661A136426ACB1B600632478 /* conf */ = {
			isa = PBXGroup;
			children = (
			);
			path = conf;
			sourceTree = "<group>";
		};
		661A136626ACB1B600632478 /* tools */ = {
			isa = PBXGroup;
			children = (
			);
			path = tools;
			sourceTree = "<group>";
		};
		664DC80526A9F7C5001D9899 /* adminer */ = {
			isa = PBXGroup;
			children = (
				66DF66E32678DFD4008AE2BC /* .dockerignore */,
				66DF66DE2678DD12008AE2BC /* conf */,
				66DF66DF2678DD12008AE2BC /* Dockerfile */,
				66DF66E02678DD12008AE2BC /* tools */,
			);
			path = adminer;
			sourceTree = "<group>";
		};
		66A74DFA26B14A780037B898 /* dns */ = {
			isa = PBXGroup;
			children = (
				66A74DFD26B14A780037B898 /* .dockerignore */,
				66A74DFE26B14A780037B898 /* conf */,
				66A74DFC26B14A780037B898 /* Dockerfile */,
				66A74DFB26B14A780037B898 /* tools */,
			);
			name = dns;
			path = srcs/requirements/bonus/dns;
			sourceTree = SOURCE_ROOT;
		};
		66A74DFB26B14A780037B898 /* tools */ = {
			isa = PBXGroup;
			children = (
			);
			path = tools;
			sourceTree = "<group>";
		};
		66A74DFE26B14A780037B898 /* conf */ = {
			isa = PBXGroup;
			children = (
				66A74E0026B14A780037B898 /* named.conf.default-zones */,
				66A74E0126B14A780037B898 /* db.mclam.42.fr */,
			);
			path = conf;
			sourceTree = "<group>";
		};
		66DF66CB2678A9BF008AE2BC /* requirements */ = {
			isa = PBXGroup;
			children = (
				66DF66D02678AA1B008AE2BC /* bonus */,
				66DF66CF2678AA18008AE2BC /* mariadb */,
				66DF66CE2678AA14008AE2BC /* nginx */,
				66DF66CC2678AA0E008AE2BC /* wordpress */,
			);
			path = requirements;
			sourceTree = "<group>";
		};
		66DF66CC2678AA0E008AE2BC /* wordpress */ = {
			isa = PBXGroup;
			children = (
				66DF66E22678DFB3008AE2BC /* .dockerignore */,
				66DF66DB2678AD87008AE2BC /* conf */,
				66DF66DA2678AD87008AE2BC /* Dockerfile */,
				66DF66DC2678AD87008AE2BC /* tools */,
			);
			path = wordpress;
			sourceTree = "<group>";
		};
		66DF66CE2678AA14008AE2BC /* nginx */ = {
			isa = PBXGroup;
			children = (
				66DF66E12678DF96008AE2BC /* .dockerignore */,
				66DF66D92678AD60008AE2BC /* conf */,
				66DF66D72678AD60008AE2BC /* Dockerfile */,
				66DF66D82678AD60008AE2BC /* tools */,
			);
			path = nginx;
			sourceTree = "<group>";
		};
		66DF66CF2678AA18008AE2BC /* mariadb */ = {
			isa = PBXGroup;
			children = (
				66DF66D32678AAC7008AE2BC /* .dockerignore */,
				66DF66D52678ACC1008AE2BC /* conf */,
				66DF66D22678AAA9008AE2BC /* Dockerfile */,
				66DF66D62678ACDA008AE2BC /* tools */,
			);
			path = mariadb;
			sourceTree = "<group>";
		};
		66DF66D02678AA1B008AE2BC /* bonus */ = {
			isa = PBXGroup;
			children = (
				664DC80526A9F7C5001D9899 /* adminer */,
				66A74DFA26B14A780037B898 /* dns */,
				661A136126ACB0EF00632478 /* ftp */,
				66E590FB26AB2EA90080E05E /* redis */,
			);
			path = bonus;
			sourceTree = "<group>";
		};
		66DF66D52678ACC1008AE2BC /* conf */ = {
			isa = PBXGroup;
			children = (
				66A74E0426B1DD9A0037B898 /* wordpress.sql */,
			);
			path = conf;
			sourceTree = "<group>";
		};
		66DF66D62678ACDA008AE2BC /* tools */ = {
			isa = PBXGroup;
			children = (
			);
			path = tools;
			sourceTree = "<group>";
		};
		66DF66D82678AD60008AE2BC /* tools */ = {
			isa = PBXGroup;
			children = (
				664DC7E426A76E09001D9899 /* nginx.conf_orig */,
				664DC7E326A76E09001D9899 /* default_orig */,
			);
			path = tools;
			sourceTree = "<group>";
		};
		66DF66D92678AD60008AE2BC /* conf */ = {
			isa = PBXGroup;
			children = (
				66A74E1726B245C40037B898 /* image.jpg */,
				66A74E1426B21B270037B898 /* checklist.pdf */,
				66A74E1526B21B270037B898 /* en.subject.pdf */,
				66A74E1326B21A550037B898 /* image.png */,
				66A74E1226B213460037B898 /* index.html */,
				661A137A26B103B100632478 /* default */,
				664DC7DD26A725BA001D9899 /* mclam.42.fr.crt */,
				664DC7DC26A725B9001D9899 /* mclam.42.fr.key */,
			);
			path = conf;
			sourceTree = "<group>";
		};
		66DF66DB2678AD87008AE2BC /* conf */ = {
			isa = PBXGroup;
			children = (
				66A74E0226B1D6990037B898 /* wp-content.zip */,
				664DC7DA26A6F7C1001D9899 /* info.php */,
				664DC7DB26A6F7C1001D9899 /* wp-config.php */,
			);
			path = conf;
			sourceTree = "<group>";
		};
		66DF66DC2678AD87008AE2BC /* tools */ = {
			isa = PBXGroup;
			children = (
				66E5910D26AB82860080E05E /* php.ini_orig */,
				66E5910526AB5A7E0080E05E /* Redis-Object-Cache */,
				664DC7E526A78E22001D9899 /* www.conf_orig */,
			);
			path = tools;
			sourceTree = "<group>";
		};
		66DF66DE2678DD12008AE2BC /* conf */ = {
			isa = PBXGroup;
			children = (
				664DC80626A9FD1D001D9899 /* info.php */,
			);
			path = conf;
			sourceTree = "<group>";
		};
		66DF66E02678DD12008AE2BC /* tools */ = {
			isa = PBXGroup;
			children = (
			);
			path = tools;
			sourceTree = "<group>";
		};
		66E590FB26AB2EA90080E05E /* redis */ = {
			isa = PBXGroup;
			children = (
				66E590FF26AB309E0080E05E /* .dockerignore */,
				66E590FC26AB2F5B0080E05E /* conf */,
				66E5910026AB30B60080E05E /* Dockerfile */,
				66E590FD26AB2F890080E05E /* tools */,
			);
			path = redis;
			sourceTree = "<group>";
		};
		66E590FC26AB2F5B0080E05E /* conf */ = {
			isa = PBXGroup;
			children = (
				66E5910126AB32B60080E05E /* redis.conf */,
			);
			path = conf;
			sourceTree = "<group>";
		};
		66E590FD26AB2F890080E05E /* tools */ = {
			isa = PBXGroup;
			children = (
				66E5910326AB4B1B0080E05E /* redis-server.log_first_start */,
				66E5910226AB45770080E05E /* redis.conf_orig */,
			);
			path = tools;
			sourceTree = "<group>";
		};
		66E5910526AB5A7E0080E05E /* Redis-Object-Cache */ = {
			isa = PBXGroup;
			children = (
				66E5910626AB5A7E0080E05E /* object-cache.php */,
				66E5910726AB5A7E0080E05E /* README.md */,
				66E5910826AB5A7E0080E05E /* .gitignore */,
				66E5910926AB5A7E0080E05E /* readme.txt */,
			);
			path = "Redis-Object-Cache";
			sourceTree = "<group>";
		};
/* End PBXGroup section */

/* Begin PBXLegacyTarget section */
		6601A55F2667F625002F2A7E /* Inception */ = {
			isa = PBXLegacyTarget;
			buildArgumentsString = "$(ACTION)";
			buildConfigurationList = 6601A5622667F625002F2A7E /* Build configuration list for PBXLegacyTarget "Inception" */;
			buildPhases = (
			);
			buildToolPath = /usr/bin/make;
			dependencies = (
			);
			name = Inception;
			passBuildSettingsInEnvironment = 1;
			productName = Inception;
		};
/* End PBXLegacyTarget section */

/* Begin PBXProject section */
		6601A55B2667F625002F2A7E /* Project object */ = {
			isa = PBXProject;
			attributes = {
				LastUpgradeCheck = 1240;
				TargetAttributes = {
					6601A55F2667F625002F2A7E = {
						CreatedOnToolsVersion = 12.4;
					};
				};
			};
			buildConfigurationList = 6601A55E2667F625002F2A7E /* Build configuration list for PBXProject "Inception" */;
			compatibilityVersion = "Xcode 9.3";
			developmentRegion = en;
			hasScannedForEncodings = 0;
			knownRegions = (
				en,
				Base,
			);
			mainGroup = 6601A55A2667F625002F2A7E;
			projectDirPath = "";
			projectRoot = "";
			targets = (
				6601A55F2667F625002F2A7E /* Inception */,
			);
		};
/* End PBXProject section */

/* Begin XCBuildConfiguration section */
		6601A5602667F625002F2A7E /* Debug */ = {
			isa = XCBuildConfiguration;
			buildSettings = {
				ALWAYS_SEARCH_USER_PATHS = NO;
				CLANG_ANALYZER_NONNULL = YES;
				CLANG_ANALYZER_NUMBER_OBJECT_CONVERSION = YES_AGGRESSIVE;
				CLANG_CXX_LANGUAGE_STANDARD = "gnu++14";
				CLANG_CXX_LIBRARY = "libc++";
				CLANG_ENABLE_MODULES = YES;
				CLANG_ENABLE_OBJC_ARC = YES;
				CLANG_ENABLE_OBJC_WEAK = YES;
				CLANG_WARN_BLOCK_CAPTURE_AUTORELEASING = YES;
				CLANG_WARN_BOOL_CONVERSION = YES;
				CLANG_WARN_COMMA = YES;
				CLANG_WARN_CONSTANT_CONVERSION = YES;
				CLANG_WARN_DEPRECATED_OBJC_IMPLEMENTATIONS = YES;
				CLANG_WARN_DIRECT_OBJC_ISA_USAGE = YES_ERROR;
				CLANG_WARN_DOCUMENTATION_COMMENTS = YES;
				CLANG_WARN_EMPTY_BODY = YES;
				CLANG_WARN_ENUM_CONVERSION = YES;
				CLANG_WARN_INFINITE_RECURSION = YES;
				CLANG_WARN_INT_CONVERSION = YES;
				CLANG_WARN_NON_LITERAL_NULL_CONVERSION = YES;
				CLANG_WARN_OBJC_IMPLICIT_RETAIN_SELF = YES;
				CLANG_WARN_OBJC_LITERAL_CONVERSION = YES;
				CLANG_WARN_OBJC_ROOT_CLASS = YES_ERROR;
				CLANG_WARN_QUOTED_INCLUDE_IN_FRAMEWORK_HEADER = YES;
				CLANG_WARN_RANGE_LOOP_ANALYSIS = YES;
				CLANG_WARN_STRICT_PROTOTYPES = YES;
				CLANG_WARN_SUSPICIOUS_MOVE = YES;
				CLANG_WARN_UNGUARDED_AVAILABILITY = YES_AGGRESSIVE;
				CLANG_WARN_UNREACHABLE_CODE = YES;
				CLANG_WARN__DUPLICATE_METHOD_MATCH = YES;
				COPY_PHASE_STRIP = NO;
				DEBUG_INFORMATION_FORMAT = dwarf;
				ENABLE_STRICT_OBJC_MSGSEND = YES;
				ENABLE_TESTABILITY = YES;
				GCC_C_LANGUAGE_STANDARD = gnu11;
				GCC_DYNAMIC_NO_PIC = NO;
				GCC_NO_COMMON_BLOCKS = YES;
				GCC_OPTIMIZATION_LEVEL = 0;
				GCC_PREPROCESSOR_DEFINITIONS = (
					"DEBUG=1",
					"$(inherited)",
				);
				GCC_WARN_64_TO_32_BIT_CONVERSION = YES;
				GCC_WARN_ABOUT_RETURN_TYPE = YES_ERROR;
				GCC_WARN_UNDECLARED_SELECTOR = YES;
				GCC_WARN_UNINITIALIZED_AUTOS = YES_AGGRESSIVE;
				GCC_WARN_UNUSED_FUNCTION = YES;
				GCC_WARN_UNUSED_VARIABLE = YES;
				MTL_ENABLE_DEBUG_INFO = INCLUDE_SOURCE;
				MTL_FAST_MATH = YES;
				ONLY_ACTIVE_ARCH = YES;
			};
			name = Debug;
		};
		6601A5612667F625002F2A7E /* Release */ = {
			isa = XCBuildConfiguration;
			buildSettings = {
				ALWAYS_SEARCH_USER_PATHS = NO;
				CLANG_ANALYZER_NONNULL = YES;
				CLANG_ANALYZER_NUMBER_OBJECT_CONVERSION = YES_AGGRESSIVE;
				CLANG_CXX_LANGUAGE_STANDARD = "gnu++14";
				CLANG_CXX_LIBRARY = "libc++";
				CLANG_ENABLE_MODULES = YES;
				CLANG_ENABLE_OBJC_ARC = YES;
				CLANG_ENABLE_OBJC_WEAK = YES;
				CLANG_WARN_BLOCK_CAPTURE_AUTORELEASING = YES;
				CLANG_WARN_BOOL_CONVERSION = YES;
				CLANG_WARN_COMMA = YES;
				CLANG_WARN_CONSTANT_CONVERSION = YES;
				CLANG_WARN_DEPRECATED_OBJC_IMPLEMENTATIONS = YES;
				CLANG_WARN_DIRECT_OBJC_ISA_USAGE = YES_ERROR;
				CLANG_WARN_DOCUMENTATION_COMMENTS = YES;
				CLANG_WARN_EMPTY_BODY = YES;
				CLANG_WARN_ENUM_CONVERSION = YES;
				CLANG_WARN_INFINITE_RECURSION = YES;
				CLANG_WARN_INT_CONVERSION = YES;
				CLANG_WARN_NON_LITERAL_NULL_CONVERSION = YES;
				CLANG_WARN_OBJC_IMPLICIT_RETAIN_SELF = YES;
				CLANG_WARN_OBJC_LITERAL_CONVERSION = YES;
				CLANG_WARN_OBJC_ROOT_CLASS = YES_ERROR;
				CLANG_WARN_QUOTED_INCLUDE_IN_FRAMEWORK_HEADER = YES;
				CLANG_WARN_RANGE_LOOP_ANALYSIS = YES;
				CLANG_WARN_STRICT_PROTOTYPES = YES;
				CLANG_WARN_SUSPICIOUS_MOVE = YES;
				CLANG_WARN_UNGUARDED_AVAILABILITY = YES_AGGRESSIVE;
				CLANG_WARN_UNREACHABLE_CODE = YES;
				CLANG_WARN__DUPLICATE_METHOD_MATCH = YES;
				COPY_PHASE_STRIP = NO;
				DEBUG_INFORMATION_FORMAT = "dwarf-with-dsym";
				ENABLE_NS_ASSERTIONS = NO;
				ENABLE_STRICT_OBJC_MSGSEND = YES;
				GCC_C_LANGUAGE_STANDARD = gnu11;
				GCC_NO_COMMON_BLOCKS = YES;
				GCC_WARN_64_TO_32_BIT_CONVERSION = YES;
				GCC_WARN_ABOUT_RETURN_TYPE = YES_ERROR;
				GCC_WARN_UNDECLARED_SELECTOR = YES;
				GCC_WARN_UNINITIALIZED_AUTOS = YES_AGGRESSIVE;
				GCC_WARN_UNUSED_FUNCTION = YES;
				GCC_WARN_UNUSED_VARIABLE = YES;
				MTL_ENABLE_DEBUG_INFO = NO;
				MTL_FAST_MATH = YES;
			};
			name = Release;
		};
		6601A5632667F625002F2A7E /* Debug */ = {
			isa = XCBuildConfiguration;
			buildSettings = {
				CODE_SIGN_STYLE = Automatic;
				DEBUGGING_SYMBOLS = YES;
				DEBUG_INFORMATION_FORMAT = dwarf;
				DEVELOPMENT_TEAM = 92PJT7J9M9;
				GCC_GENERATE_DEBUGGING_SYMBOLS = YES;
				GCC_OPTIMIZATION_LEVEL = 0;
				OTHER_CFLAGS = "";
				OTHER_LDFLAGS = "";
				PRODUCT_NAME = "$(TARGET_NAME)";
			};
			name = Debug;
		};
		6601A5642667F625002F2A7E /* Release */ = {
			isa = XCBuildConfiguration;
			buildSettings = {
				CODE_SIGN_STYLE = Automatic;
				DEBUG_INFORMATION_FORMAT = "dwarf-with-dsym";
				DEVELOPMENT_TEAM = 92PJT7J9M9;
				OTHER_CFLAGS = "";
				OTHER_LDFLAGS = "";
				PRODUCT_NAME = "$(TARGET_NAME)";
			};
			name = Release;
		};
/* End XCBuildConfiguration section */

/* Begin XCConfigurationList section */
		6601A55E2667F625002F2A7E /* Build configuration list for PBXProject "Inception" */ = {
			isa = XCConfigurationList;
			buildConfigurations = (
				6601A5602667F625002F2A7E /* Debug */,
				6601A5612667F625002F2A7E /* Release */,
			);
			defaultConfigurationIsVisible = 0;
			defaultConfigurationName = Release;
		};
		6601A5622667F625002F2A7E /* Build configuration list for PBXLegacyTarget "Inception" */ = {
			isa = XCConfigurationList;
			buildConfigurations = (
				6601A5632667F625002F2A7E /* Debug */,
				6601A5642667F625002F2A7E /* Release */,
			);
			defaultConfigurationIsVisible = 0;
			defaultConfigurationName = Release;
		};
/* End XCConfigurationList section */
	};
	rootObject = 6601A55B2667F625002F2A7E /* Project object */;
}
